// !$*UTF8*$!
{
	archiveVersion = 1;
	classes = {
	};
	objectVersion = 77;
	objects = {

/* Begin PBXContainerItemProxy section */
		81E9412F2CADAC8A0087DEF9 /* PBXContainerItemProxy */ = {
			isa = PBXContainerItemProxy;
			containerPortal = 81E941102CADAC880087DEF9 /* Project object */;
			proxyType = 1;
			remoteGlobalIDString = 81E941172CADAC880087DEF9;
			remoteInfo = MobileAppSignApp;
		};
		81E941392CADAC8A0087DEF9 /* PBXContainerItemProxy */ = {
			isa = PBXContainerItemProxy;
			containerPortal = 81E941102CADAC880087DEF9 /* Project object */;
			proxyType = 1;
			remoteGlobalIDString = 81E941172CADAC880087DEF9;
			remoteInfo = MobileAppSignApp;
		};
/* End PBXContainerItemProxy section */

/* Begin PBXFileReference section */
		81E941182CADAC880087DEF9 /* MobileAppSignApp.app */ = {isa = PBXFileReference; explicitFileType = wrapper.application; includeInIndex = 0; path = MobileAppSignApp.app; sourceTree = BUILT_PRODUCTS_DIR; };
		81E9412E2CADAC8A0087DEF9 /* MobileAppSignAppTests.xctest */ = {isa = PBXFileReference; explicitFileType = wrapper.cfbundle; includeInIndex = 0; path = MobileAppSignAppTests.xctest; sourceTree = BUILT_PRODUCTS_DIR; };
		81E941382CADAC8A0087DEF9 /* MobileAppSignAppUITests.xctest */ = {isa = PBXFileReference; explicitFileType = wrapper.cfbundle; includeInIndex = 0; path = MobileAppSignAppUITests.xctest; sourceTree = BUILT_PRODUCTS_DIR; };
/* End PBXFileReference section */

/* Begin PBXFileSystemSynchronizedBuildFileExceptionSet section */
		81E941402CADAC8A0087DEF9 /* Exceptions for "MobileAppSignApp" folder in "MobileAppSignApp" target */ = {
			isa = PBXFileSystemSynchronizedBuildFileExceptionSet;
			membershipExceptions = (
				Info.plist,
			);
			target = 81E941172CADAC880087DEF9 /* MobileAppSignApp */;
		};
/* End PBXFileSystemSynchronizedBuildFileExceptionSet section */

/* Begin PBXFileSystemSynchronizedRootGroup section */
		81E9411A2CADAC880087DEF9 /* MobileAppSignApp */ = {
			isa = PBXFileSystemSynchronizedRootGroup;
			exceptions = (
				81E941402CADAC8A0087DEF9 /* Exceptions for "MobileAppSignApp" folder in "MobileAppSignApp" target */,
			);
			path = MobileAppSignApp;
			sourceTree = "<group>";
		};
		81E941312CADAC8A0087DEF9 /* MobileAppSignAppTests */ = {
			isa = PBXFileSystemSynchronizedRootGroup;
			path = MobileAppSignAppTests;
			sourceTree = "<group>";
		};
		81E9413B2CADAC8A0087DEF9 /* MobileAppSignAppUITests */ = {
			isa = PBXFileSystemSynchronizedRootGroup;
			path = MobileAppSignAppUITests;
			sourceTree = "<group>";
		};
/* End PBXFileSystemSynchronizedRootGroup section */

/* Begin PBXFrameworksBuildPhase section */
		81E941152CADAC880087DEF9 /* Frameworks */ = {
			isa = PBXFrameworksBuildPhase;
			buildActionMask = 2147483647;
			files = (
			);
			runOnlyForDeploymentPostprocessing = 0;
		};
		81E9412B2CADAC8A0087DEF9 /* Frameworks */ = {
			isa = PBXFrameworksBuildPhase;
			buildActionMask = 2147483647;
			files = (
			);
			runOnlyForDeploymentPostprocessing = 0;
		};
		81E941352CADAC8A0087DEF9 /* Frameworks */ = {
			isa = PBXFrameworksBuildPhase;
			buildActionMask = 2147483647;
			files = (
			);
			runOnlyForDeploymentPostprocessing = 0;
		};
/* End PBXFrameworksBuildPhase section */

/* Begin PBXGroup section */
		81E9410F2CADAC880087DEF9 = {
			isa = PBXGroup;
			children = (
				81E9411A2CADAC880087DEF9 /* MobileAppSignApp */,
				81E941312CADAC8A0087DEF9 /* MobileAppSignAppTests */,
				81E9413B2CADAC8A0087DEF9 /* MobileAppSignAppUITests */,
				81E941192CADAC880087DEF9 /* Products */,
			);
			sourceTree = "<group>";
		};
		81E941192CADAC880087DEF9 /* Products */ = {
			isa = PBXGroup;
			children = (
				81E941182CADAC880087DEF9 /* MobileAppSignApp.app */,
				81E9412E2CADAC8A0087DEF9 /* MobileAppSignAppTests.xctest */,
				81E941382CADAC8A0087DEF9 /* MobileAppSignAppUITests.xctest */,
			);
			name = Products;
			sourceTree = "<group>";
		};
/* End PBXGroup section */

/* Begin PBXNativeTarget section */
		81E941172CADAC880087DEF9 /* MobileAppSignApp */ = {
			isa = PBXNativeTarget;
			buildConfigurationList = 81E941412CADAC8B0087DEF9 /* Build configuration list for PBXNativeTarget "MobileAppSignApp" */;
			buildPhases = (
				81E941142CADAC880087DEF9 /* Sources */,
				81E941152CADAC880087DEF9 /* Frameworks */,
				81E941162CADAC880087DEF9 /* Resources */,
			);
			buildRules = (
			);
			dependencies = (
			);
			fileSystemSynchronizedGroups = (
				81E9411A2CADAC880087DEF9 /* MobileAppSignApp */,
			);
			name = MobileAppSignApp;
			packageProductDependencies = (
			);
			productName = MobileAppSignApp;
			productReference = 81E941182CADAC880087DEF9 /* MobileAppSignApp.app */;
			productType = "com.apple.product-type.application";
		};
		81E9412D2CADAC8A0087DEF9 /* MobileAppSignAppTests */ = {
			isa = PBXNativeTarget;
			buildConfigurationList = 81E941462CADAC8B0087DEF9 /* Build configuration list for PBXNativeTarget "MobileAppSignAppTests" */;
			buildPhases = (
				81E9412A2CADAC8A0087DEF9 /* Sources */,
				81E9412B2CADAC8A0087DEF9 /* Frameworks */,
				81E9412C2CADAC8A0087DEF9 /* Resources */,
			);
			buildRules = (
			);
			dependencies = (
				81E941302CADAC8A0087DEF9 /* PBXTargetDependency */,
			);
			fileSystemSynchronizedGroups = (
				81E941312CADAC8A0087DEF9 /* MobileAppSignAppTests */,
			);
			name = MobileAppSignAppTests;
			packageProductDependencies = (
			);
			productName = MobileAppSignAppTests;
			productReference = 81E9412E2CADAC8A0087DEF9 /* MobileAppSignAppTests.xctest */;
			productType = "com.apple.product-type.bundle.unit-test";
		};
		81E941372CADAC8A0087DEF9 /* MobileAppSignAppUITests */ = {
			isa = PBXNativeTarget;
			buildConfigurationList = 81E941492CADAC8B0087DEF9 /* Build configuration list for PBXNativeTarget "MobileAppSignAppUITests" */;
			buildPhases = (
				81E941342CADAC8A0087DEF9 /* Sources */,
				81E941352CADAC8A0087DEF9 /* Frameworks */,
				81E941362CADAC8A0087DEF9 /* Resources */,
			);
			buildRules = (
			);
			dependencies = (
				81E9413A2CADAC8A0087DEF9 /* PBXTargetDependency */,
			);
			fileSystemSynchronizedGroups = (
				81E9413B2CADAC8A0087DEF9 /* MobileAppSignAppUITests */,
			);
			name = MobileAppSignAppUITests;
			packageProductDependencies = (
			);
			productName = MobileAppSignAppUITests;
			productReference = 81E941382CADAC8A0087DEF9 /* MobileAppSignAppUITests.xctest */;
			productType = "com.apple.product-type.bundle.ui-testing";
		};
/* End PBXNativeTarget section */

/* Begin PBXProject section */
		81E941102CADAC880087DEF9 /* Project object */ = {
			isa = PBXProject;
			attributes = {
				BuildIndependentTargetsInParallel = 1;
				LastSwiftUpdateCheck = 1600;
				LastUpgradeCheck = 1600;
				TargetAttributes = {
					81E941172CADAC880087DEF9 = {
						CreatedOnToolsVersion = 16.0;
					};
					81E9412D2CADAC8A0087DEF9 = {
						CreatedOnToolsVersion = 16.0;
						TestTargetID = 81E941172CADAC880087DEF9;
					};
					81E941372CADAC8A0087DEF9 = {
						CreatedOnToolsVersion = 16.0;
						TestTargetID = 81E941172CADAC880087DEF9;
					};
				};
			};
			buildConfigurationList = 81E941132CADAC880087DEF9 /* Build configuration list for PBXProject "MobileAppSignApp" */;
			developmentRegion = en;
			hasScannedForEncodings = 0;
			knownRegions = (
				en,
				Base,
			);
			mainGroup = 81E9410F2CADAC880087DEF9;
			minimizedProjectReferenceProxies = 1;
			preferredProjectObjectVersion = 77;
			productRefGroup = 81E941192CADAC880087DEF9 /* Products */;
			projectDirPath = "";
			projectRoot = "";
			targets = (
				81E941172CADAC880087DEF9 /* MobileAppSignApp */,
				81E9412D2CADAC8A0087DEF9 /* MobileAppSignAppTests */,
				81E941372CADAC8A0087DEF9 /* MobileAppSignAppUITests */,
			);
		};
/* End PBXProject section */

/* Begin PBXResourcesBuildPhase section */
		81E941162CADAC880087DEF9 /* Resources */ = {
			isa = PBXResourcesBuildPhase;
			buildActionMask = 2147483647;
			files = (
			);
			runOnlyForDeploymentPostprocessing = 0;
		};
		81E9412C2CADAC8A0087DEF9 /* Resources */ = {
			isa = PBXResourcesBuildPhase;
			buildActionMask = 2147483647;
			files = (
			);
			runOnlyForDeploymentPostprocessing = 0;
		};
		81E941362CADAC8A0087DEF9 /* Resources */ = {
			isa = PBXResourcesBuildPhase;
			buildActionMask = 2147483647;
			files = (
			);
			runOnlyForDeploymentPostprocessing = 0;
		};
/* End PBXResourcesBuildPhase section */

/* Begin PBXSourcesBuildPhase section */
		81E941142CADAC880087DEF9 /* Sources */ = {
			isa = PBXSourcesBuildPhase;
			buildActionMask = 2147483647;
			files = (
			);
			runOnlyForDeploymentPostprocessing = 0;
		};
		81E9412A2CADAC8A0087DEF9 /* Sources */ = {
			isa = PBXSourcesBuildPhase;
			buildActionMask = 2147483647;
			files = (
			);
			runOnlyForDeploymentPostprocessing = 0;
		};
		81E941342CADAC8A0087DEF9 /* Sources */ = {
			isa = PBXSourcesBuildPhase;
			buildActionMask = 2147483647;
			files = (
			);
			runOnlyForDeploymentPostprocessing = 0;
		};
/* End PBXSourcesBuildPhase section */

/* Begin PBXTargetDependency section */
		81E941302CADAC8A0087DEF9 /* PBXTargetDependency */ = {
			isa = PBXTargetDependency;
			target = 81E941172CADAC880087DEF9 /* MobileAppSignApp */;
			targetProxy = 81E9412F2CADAC8A0087DEF9 /* PBXContainerItemProxy */;
		};
		81E9413A2CADAC8A0087DEF9 /* PBXTargetDependency */ = {
			isa = PBXTargetDependency;
			target = 81E941172CADAC880087DEF9 /* MobileAppSignApp */;
			targetProxy = 81E941392CADAC8A0087DEF9 /* PBXContainerItemProxy */;
		};
/* End PBXTargetDependency section */

/* Begin XCBuildConfiguration section */
		81E941422CADAC8B0087DEF9 /* Debug */ = {
			isa = XCBuildConfiguration;
			buildSettings = {
				ASSETCATALOG_COMPILER_APPICON_NAME = AppIcon;
				ASSETCATALOG_COMPILER_GLOBAL_ACCENT_COLOR_NAME = AccentColor;
				CODE_SIGN_STYLE = Automatic;
				CURRENT_PROJECT_VERSION = 1;
				GENERATE_INFOPLIST_FILE = YES;
				INFOPLIST_FILE = MobileAppSignApp/Info.plist;
				INFOPLIST_KEY_UIApplicationSupportsIndirectInputEvents = YES;
				INFOPLIST_KEY_UILaunchStoryboardName = LaunchScreen;
				INFOPLIST_KEY_UIMainStoryboardFile = Main;
				INFOPLIST_KEY_UISupportedInterfaceOrientations_iPad = "UIInterfaceOrientationPortrait UIInterfaceOrientationPortraitUpsideDown UIInterfaceOrientationLandscapeLeft UIInterfaceOrientationLandscapeRight";
				INFOPLIST_KEY_UISupportedInterfaceOrientations_iPhone = "UIInterfaceOrientationPortrait UIInterfaceOrientationLandscapeLeft UIInterfaceOrientationLandscapeRight";
				LD_RUNPATH_SEARCH_PATHS = (
					"$(inherited)",
					"@executable_path/Frameworks",
				);
				MARKETING_VERSION = 1.0;
				PRODUCT_BUNDLE_IDENTIFIER = com.mamedhaciyev.MobileAppSignApp;
				PRODUCT_NAME = "$(TARGET_NAME)";
				SWIFT_EMIT_LOC_STRINGS = YES;
				SWIFT_VERSION = 5.0;
				TARGETED_DEVICE_FAMILY = "1,2";
			};
			name = Debug;
		};
		81E941432CADAC8B0087DEF9 /* Release */ = {
			isa = XCBuildConfiguration;
			buildSettings = {
				ASSETCATALOG_COMPILER_APPICON_NAME = AppIcon;
				ASSETCATALOG_COMPILER_GLOBAL_ACCENT_COLOR_NAME = AccentColor;
				CODE_SIGN_STYLE = Automatic;
				CURRENT_PROJECT_VERSION = 1;
				GENERATE_INFOPLIST_FILE = YES;
				INFOPLIST_FILE = MobileAppSignApp/Info.plist;
				INFOPLIST_KEY_UIApplicationSupportsIndirectInputEvents = YES;
				INFOPLIST_KEY_UILaunchStoryboardName = LaunchScreen;
				INFOPLIST_KEY_UIMainStoryboardFile = Main;
				INFOPLIST_KEY_UISupportedInterfaceOrientations_iPad = "UIInterfaceOrientationPortrait UIInterfaceOrientationPortraitUpsideDown UIInterfaceOrientationLandscapeLeft UIInterfaceOrientationLandscapeRight";
				INFOPLIST_KEY_UISupportedInterfaceOrientations_iPhone = "UIInterfaceOrientationPortrait UIInterfaceOrientationLandscapeLeft UIInterfaceOrientationLandscapeRight";
				LD_RUNPATH_SEARCH_PATHS = (
					"$(inherited)",
					"@executable_path/Frameworks",
				);
				MARKETING_VERSION = 1.0;
				PRODUCT_BUNDLE_IDENTIFIER = com.mamedhaciyev.MobileAppSignApp;
				PRODUCT_NAME = "$(TARGET_NAME)";
				SWIFT_EMIT_LOC_STRINGS = YES;
				SWIFT_VERSION = 5.0;
				TARGETED_DEVICE_FAMILY = "1,2";
			};
			name = Release;
		};
		81E941442CADAC8B0087DEF9 /* Debug */ = {
			isa = XCBuildConfiguration;
			buildSettings = {
				ALWAYS_SEARCH_USER_PATHS = NO;
				ASSETCATALOG_COMPILER_GENERATE_SWIFT_ASSET_SYMBOL_EXTENSIONS = YES;
				CLANG_ANALYZER_NONNULL = YES;
				CLANG_ANALYZER_NUMBER_OBJECT_CONVERSION = YES_AGGRESSIVE;
				CLANG_CXX_LANGUAGE_STANDARD = "gnu++20";
				CLANG_ENABLE_MODULES = YES;
				CLANG_ENABLE_OBJC_ARC = YES;
				CLANG_ENABLE_OBJC_WEAK = YES;
				CLANG_WARN_BLOCK_CAPTURE_AUTORELEASING = YES;
				CLANG_WARN_BOOL_CONVERSION = YES;
				CLANG_WARN_COMMA = YES;
				CLANG_WARN_CONSTANT_CONVERSION = YES;
				CLANG_WARN_DEPRECATED_OBJC_IMPLEMENTATIONS = YES;
				CLANG_WARN_DIRECT_OBJC_ISA_USAGE = YES_ERROR;
				CLANG_WARN_DOCUMENTATION_COMMENTS = YES;
				CLANG_WARN_EMPTY_BODY = YES;
				CLANG_WARN_ENUM_CONVERSION = YES;
				CLANG_WARN_INFINITE_RECURSION = YES;
				CLANG_WARN_INT_CONVERSION = YES;
				CLANG_WARN_NON_LITERAL_NULL_CONVERSION = YES;
				CLANG_WARN_OBJC_IMPLICIT_RETAIN_SELF = YES;
				CLANG_WARN_OBJC_LITERAL_CONVERSION = YES;
				CLANG_WARN_OBJC_ROOT_CLASS = YES_ERROR;
				CLANG_WARN_QUOTED_INCLUDE_IN_FRAMEWORK_HEADER = YES;
				CLANG_WARN_RANGE_LOOP_ANALYSIS = YES;
				CLANG_WARN_STRICT_PROTOTYPES = YES;
				CLANG_WARN_SUSPICIOUS_MOVE = YES;
				CLANG_WARN_UNGUARDED_AVAILABILITY = YES_AGGRESSIVE;
				CLANG_WARN_UNREACHABLE_CODE = YES;
				CLANG_WARN__DUPLICATE_METHOD_MATCH = YES;
				COPY_PHASE_STRIP = NO;
				DEBUG_INFORMATION_FORMAT = dwarf;
				ENABLE_STRICT_OBJC_MSGSEND = YES;
				ENABLE_TESTABILITY = YES;
				ENABLE_USER_SCRIPT_SANDBOXING = YES;
				GCC_C_LANGUAGE_STANDARD = gnu17;
				GCC_DYNAMIC_NO_PIC = NO;
				GCC_NO_COMMON_BLOCKS = YES;
				GCC_OPTIMIZATION_LEVEL = 0;
				GCC_PREPROCESSOR_DEFINITIONS = (
					"DEBUG=1",
					"$(inherited)",
				);
				GCC_WARN_64_TO_32_BIT_CONVERSION = YES;
				GCC_WARN_ABOUT_RETURN_TYPE = YES_ERROR;
				GCC_WARN_UNDECLARED_SELECTOR = YES;
				GCC_WARN_UNINITIALIZED_AUTOS = YES_AGGRESSIVE;
				GCC_WARN_UNUSED_FUNCTION = YES;
				GCC_WARN_UNUSED_VARIABLE = YES;
				IPHONEOS_DEPLOYMENT_TARGET = 18.0;
				LOCALIZATION_PREFERS_STRING_CATALOGS = YES;
				MTL_ENABLE_DEBUG_INFO = INCLUDE_SOURCE;
				MTL_FAST_MATH = YES;
				ONLY_ACTIVE_ARCH = YES;
				SDKROOT = iphoneos;
				SWIFT_ACTIVE_COMPILATION_CONDITIONS = "DEBUG $(inherited)";
				SWIFT_OPTIMIZATION_LEVEL = "-Onone";
			};
			name = Debug;
		};
		81E941452CADAC8B0087DEF9 /* Release */ = {
			isa = XCBuildConfiguration;
			buildSettings = {
				ALWAYS_SEARCH_USER_PATHS = NO;
				ASSETCATALOG_COMPILER_GENERATE_SWIFT_ASSET_SYMBOL_EXTENSIONS = YES;
				CLANG_ANALYZER_NONNULL = YES;
				CLANG_ANALYZER_NUMBER_OBJECT_CONVERSION = YES_AGGRESSIVE;
				CLANG_CXX_LANGUAGE_STANDARD = "gnu++20";
				CLANG_ENABLE_MODULES = YES;
				CLANG_ENABLE_OBJC_ARC = YES;
				CLANG_ENABLE_OBJC_WEAK = YES;
				CLANG_WARN_BLOCK_CAPTURE_AUTORELEASING = YES;
				CLANG_WARN_BOOL_CONVERSION = YES;
				CLANG_WARN_COMMA = YES;
				CLANG_WARN_CONSTANT_CONVERSION = YES;
				CLANG_WARN_DEPRECATED_OBJC_IMPLEMENTATIONS = YES;
				CLANG_WARN_DIRECT_OBJC_ISA_USAGE = YES_ERROR;
				CLANG_WARN_DOCUMENTATION_COMMENTS = YES;
				CLANG_WARN_EMPTY_BODY = YES;
				CLANG_WARN_ENUM_CONVERSION = YES;
				CLANG_WARN_INFINITE_RECURSION = YES;
				CLANG_WARN_INT_CONVERSION = YES;
				CLANG_WARN_NON_LITERAL_NULL_CONVERSION = YES;
				CLANG_WARN_OBJC_IMPLICIT_RETAIN_SELF = YES;
				CLANG_WARN_OBJC_LITERAL_CONVERSION = YES;
				CLANG_WARN_OBJC_ROOT_CLASS = YES_ERROR;
				CLANG_WARN_QUOTED_INCLUDE_IN_FRAMEWORK_HEADER = YES;
				CLANG_WARN_RANGE_LOOP_ANALYSIS = YES;
				CLANG_WARN_STRICT_PROTOTYPES = YES;
				CLANG_WARN_SUSPICIOUS_MOVE = YES;
				CLANG_WARN_UNGUARDED_AVAILABILITY = YES_AGGRESSIVE;
				CLANG_WARN_UNREACHABLE_CODE = YES;
				CLANG_WARN__DUPLICATE_METHOD_MATCH = YES;
				COPY_PHASE_STRIP = NO;
				DEBUG_INFORMATION_FORMAT = "dwarf-with-dsym";
				ENABLE_NS_ASSERTIONS = NO;
				ENABLE_STRICT_OBJC_MSGSEND = YES;
				ENABLE_USER_SCRIPT_SANDBOXING = YES;
				GCC_C_LANGUAGE_STANDARD = gnu17;
				GCC_NO_COMMON_BLOCKS = YES;
				GCC_WARN_64_TO_32_BIT_CONVERSION = YES;
				GCC_WARN_ABOUT_RETURN_TYPE = YES_ERROR;
				GCC_WARN_UNDECLARED_SELECTOR = YES;
				GCC_WARN_UNINITIALIZED_AUTOS = YES_AGGRESSIVE;
				GCC_WARN_UNUSED_FUNCTION = YES;
				GCC_WARN_UNUSED_VARIABLE = YES;
				IPHONEOS_DEPLOYMENT_TARGET = 18.0;
				LOCALIZATION_PREFERS_STRING_CATALOGS = YES;
				MTL_ENABLE_DEBUG_INFO = NO;
				MTL_FAST_MATH = YES;
				SDKROOT = iphoneos;
				SWIFT_COMPILATION_MODE = wholemodule;
				VALIDATE_PRODUCT = YES;
			};
			name = Release;
		};
		81E941472CADAC8B0087DEF9 /* Debug */ = {
			isa = XCBuildConfiguration;
			buildSettings = {
				BUNDLE_LOADER = "$(TEST_HOST)";
				CODE_SIGN_STYLE = Automatic;
				CURRENT_PROJECT_VERSION = 1;
				GENERATE_INFOPLIST_FILE = YES;
				IPHONEOS_DEPLOYMENT_TARGET = 18.0;
				MARKETING_VERSION = 1.0;
				PRODUCT_BUNDLE_IDENTIFIER = com.mamedhaciyev.MobileAppSignAppTests;
				PRODUCT_NAME = "$(TARGET_NAME)";
				SWIFT_EMIT_LOC_STRINGS = NO;
				SWIFT_VERSION = 5.0;
				TARGETED_DEVICE_FAMILY = "1,2";
				TEST_HOST = "$(BUILT_PRODUCTS_DIR)/MobileAppSignApp.app/$(BUNDLE_EXECUTABLE_FOLDER_PATH)/MobileAppSignApp";
			};
			name = Debug;
		};
		81E941482CADAC8B0087DEF9 /* Release */ = {
			isa = XCBuildConfiguration;
			buildSettings = {
				BUNDLE_LOADER = "$(TEST_HOST)";
				CODE_SIGN_STYLE = Automatic;
				CURRENT_PROJECT_VERSION = 1;
				GENERATE_INFOPLIST_FILE = YES;
				IPHONEOS_DEPLOYMENT_TARGET = 18.0;
				MARKETING_VERSION = 1.0;
				PRODUCT_BUNDLE_IDENTIFIER = com.mamedhaciyev.MobileAppSignAppTests;
				PRODUCT_NAME = "$(TARGET_NAME)";
				SWIFT_EMIT_LOC_STRINGS = NO;
				SWIFT_VERSION = 5.0;
				TARGETED_DEVICE_FAMILY = "1,2";
				TEST_HOST = "$(BUILT_PRODUCTS_DIR)/MobileAppSignApp.app/$(BUNDLE_EXECUTABLE_FOLDER_PATH)/MobileAppSignApp";
			};
			name = Release;
		};
		81E9414A2CADAC8B0087DEF9 /* Debug */ = {
			isa = XCBuildConfiguration;
			buildSettings = {
				CODE_SIGN_STYLE = Automatic;
				CURRENT_PROJECT_VERSION = 1;
				GENERATE_INFOPLIST_FILE = YES;
				MARKETING_VERSION = 1.0;
				PRODUCT_BUNDLE_IDENTIFIER = com.mamedhaciyev.MobileAppSignAppUITests;
				PRODUCT_NAME = "$(TARGET_NAME)";
				SWIFT_EMIT_LOC_STRINGS = NO;
				SWIFT_VERSION = 5.0;
				TARGETED_DEVICE_FAMILY = "1,2";
				TEST_TARGET_NAME = MobileAppSignApp;
			};
			name = Debug;
		};
		81E9414B2CADAC8B0087DEF9 /* Release */ = {
			isa = XCBuildConfiguration;
			buildSettings = {
				CODE_SIGN_STYLE = Automatic;
				CURRENT_PROJECT_VERSION = 1;
				GENERATE_INFOPLIST_FILE = YES;
				MARKETING_VERSION = 1.0;
				PRODUCT_BUNDLE_IDENTIFIER = com.mamedhaciyev.MobileAppSignAppUITests;
				PRODUCT_NAME = "$(TARGET_NAME)";
				SWIFT_EMIT_LOC_STRINGS = NO;
				SWIFT_VERSION = 5.0;
				TARGETED_DEVICE_FAMILY = "1,2";
				TEST_TARGET_NAME = MobileAppSignApp;
			};
			name = Release;
		};
/* End XCBuildConfiguration section */

/* Begin XCConfigurationList section */
		81E941132CADAC880087DEF9 /* Build configuration list for PBXProject "MobileAppSignApp" */ = {
			isa = XCConfigurationList;
			buildConfigurations = (
				81E941442CADAC8B0087DEF9 /* Debug */,
				81E941452CADAC8B0087DEF9 /* Release */,
			);
			defaultConfigurationIsVisible = 0;
			defaultConfigurationName = Release;
		};
		81E941412CADAC8B0087DEF9 /* Build configuration list for PBXNativeTarget "MobileAppSignApp" */ = {
			isa = XCConfigurationList;
			buildConfigurations = (
				81E941422CADAC8B0087DEF9 /* Debug */,
				81E941432CADAC8B0087DEF9 /* Release */,
			);
			defaultConfigurationIsVisible = 0;
			defaultConfigurationName = Release;
		};
		81E941462CADAC8B0087DEF9 /* Build configuration list for PBXNativeTarget "MobileAppSignAppTests" */ = {
			isa = XCConfigurationList;
			buildConfigurations = (
				81E941472CADAC8B0087DEF9 /* Debug */,
				81E941482CADAC8B0087DEF9 /* Release */,
			);
			defaultConfigurationIsVisible = 0;
			defaultConfigurationName = Release;
		};
		81E941492CADAC8B0087DEF9 /* Build configuration list for PBXNativeTarget "MobileAppSignAppUITests" */ = {
			isa = XCConfigurationList;
			buildConfigurations = (
				81E9414A2CADAC8B0087DEF9 /* Debug */,
				81E9414B2CADAC8B0087DEF9 /* Release */,
			);
			defaultConfigurationIsVisible = 0;
			defaultConfigurationName = Release;
		};
/* End XCConfigurationList section */
	};
	rootObject = 81E941102CADAC880087DEF9 /* Project object */;
}
